
Microsoft Visual Studio Solution File, Format Version 12.00
# Visual Studio Version 17
VisualStudioVersion = 17.9.34607.119
MinimumVisualStudioVersion = 10.0.40219.1
Project("{FAE04EC0-301F-11D3-BF4B-00C04F79EFBC}") = "Lab6", "Lab6\Lab6.csproj", "{AC6C9B06-1446-4D90-A62E-0BAC602FCC33}"
EndProject
Global
	GlobalSection(SolutionConfigurationPlatforms) = preSolution
		Debug|Any CPU = Debug|Any CPU
		Release|Any CPU = Release|Any CPU
	EndGlobalSection
	GlobalSection(ProjectConfigurationPlatforms) = postSolution
		{AC6C9B06-1446-4D90-A62E-0BAC602FCC33}.Debug|Any CPU.ActiveCfg = Debug|Any CPU
		{AC6C9B06-1446-4D90-A62E-0BAC602FCC33}.Debug|Any CPU.Build.0 = Debug|Any CPU
		{AC6C9B06-1446-4D90-A62E-0BAC602FCC33}.Release|Any CPU.ActiveCfg = Release|Any CPU
		{AC6C9B06-1446-4D90-A62E-0BAC602FCC33}.Release|Any CPU.Build.0 = Release|Any CPU
	EndGlobalSection
	GlobalSection(SolutionProperties) = preSolution
		HideSolutionNode = FALSE
	EndGlobalSection
	GlobalSection(ExtensibilityGlobals) = postSolution
		SolutionGuid = {4EEDAA5E-E0ED-428F-97C9-C0593BE32738}
	EndGlobalSection
EndGlobal
